
Microsoft Visual Studio Solution File, Format Version 12.00
# Visual Studio Version 17
VisualStudioVersion = 17.0.31903.59
MinimumVisualStudioVersion = 10.0.40219.1
Project("{2150E333-8FDC-42A3-9474-1A3956D46DE8}") = "src", "src", "{827E0CD3-B72D-47B6-A68D-7590B98EB39B}"
EndProject
Project("{2150E333-8FDC-42A3-9474-1A3956D46DE8}") = "Presentation", "Presentation", "{6996BBF7-DB31-59BC-C7DD-9A7CCC6138C4}"
EndProject
Project("{FAE04EC0-301F-11D3-BF4B-00C04F79EFBC}") = "SysTools.Presentation", "src\Presentation\SysTools.Presentation.csproj", "{A7A6AE75-E138-425A-803E-A1D38EAB7E35}"
EndProject
Project("{2150E333-8FDC-42A3-9474-1A3956D46DE8}") = "Business", "Business", "{CC1F4FA2-92F2-BA4B-815B-7EC2CBBCCF50}"
EndProject
Project("{FAE04EC0-301F-11D3-BF4B-00C04F79EFBC}") = "SysTools.Business", "src\Business\SysTools.Business.csproj", "{A50D52D8-3A06-48EC-BCD1-3F834660F0E8}"
EndProject
Project("{2150E333-8FDC-42A3-9474-1A3956D46DE8}") = "Entities", "Entities", "{5F5D2DA1-D523-9746-CCCB-000D35E306D2}"
EndProject
Project("{FAE04EC0-301F-11D3-BF4B-00C04F79EFBC}") = "SysTools.Entities", "src\Entities\SysTools.Entities.csproj", "{0D143C2C-8038-49C2-9AF3-FCC18C747A92}"
EndProject
Project("{2150E333-8FDC-42A3-9474-1A3956D46DE8}") = "Data", "Data", "{58A5B24B-8FB4-5A6E-5EF4-1E3E19F29B1B}"
EndProject
Project("{FAE04EC0-301F-11D3-BF4B-00C04F79EFBC}") = "SysTools.Data", "src\Data\SysTools.Data.csproj", "{B1817167-1141-4414-B393-13DE7738D08D}"
EndProject
Project("{2150E333-8FDC-42A3-9474-1A3956D46DE8}") = "tests", "tests", "{0AB3BF05-4346-4AA6-1389-037BE0695223}"
EndProject
Project("{FAE04EC0-301F-11D3-BF4B-00C04F79EFBC}") = "SysTools.Presentation.Tests", "tests\SysTools.Presentation.Tests\SysTools.Presentation.Tests.csproj", "{C6B02D45-8B12-4CE0-A47A-E2157623631E}"
EndProject
Project("{FAE04EC0-301F-11D3-BF4B-00C04F79EFBC}") = "SysTools.Configuration.Tests", "tests\SysTools.Configuration.Tests\SysTools.Configuration.Tests.csproj", "{3167FF11-8AAF-4300-8BA3-7FC796C08736}"
EndProject
Project("{FAE04EC0-301F-11D3-BF4B-00C04F79EFBC}") = "SysTools.Firebird.Tests", "tests\SysTools.Firebird.Tests\SysTools.Firebird.Tests.csproj", "{D2EBFCB4-53E7-4D23-9938-A949D7E7A57B}"
EndProject
Project("{FAE04EC0-301F-11D3-BF4B-00C04F79EFBC}") = "SysTools.Repositories.Tests", "tests\SysTools.Repositories.Tests\SysTools.Repositories.Tests.csproj", "{B0C194D8-36E8-405F-90A3-369F37A56622}"
EndProject
Project("{FAE04EC0-301F-11D3-BF4B-00C04F79EFBC}") = "SysTools.BusinessRules.Tests", "tests\SysTools.BusinessRules.Tests\SysTools.BusinessRules.Tests.csproj", "{25AFE828-6802-4997-8B80-A8374C7279A2}"
EndProject
Project("{FAE04EC0-301F-11D3-BF4B-00C04F79EFBC}") = "SysTools.Licensing.Tests", "tests\SysTools.Licensing.Tests\SysTools.Licensing.Tests.csproj", "{FA1A656D-C607-48AD-A47F-E5AABDD23F2F}"
EndProject
Project("{FAE04EC0-301F-11D3-BF4B-00C04F79EFBC}") = "SysTools.Barcodes.Tests", "tests\SysTools.Barcodes.Tests\SysTools.Barcodes.Tests.csproj", "{D8519719-FBDB-49E4-8722-9F4FB1079EED}"
EndProject
Global
	GlobalSection(SolutionConfigurationPlatforms) = preSolution
		Debug|Any CPU = Debug|Any CPU
		Debug|x64 = Debug|x64
		Debug|x86 = Debug|x86
		Release|Any CPU = Release|Any CPU
		Release|x64 = Release|x64
		Release|x86 = Release|x86
	EndGlobalSection
	GlobalSection(ProjectConfigurationPlatforms) = postSolution
		{A7A6AE75-E138-425A-803E-A1D38EAB7E35}.Debug|Any CPU.ActiveCfg = Debug|Any CPU
		{A7A6AE75-E138-425A-803E-A1D38EAB7E35}.Debug|Any CPU.Build.0 = Debug|Any CPU
		{A7A6AE75-E138-425A-803E-A1D38EAB7E35}.Debug|x64.ActiveCfg = Debug|Any CPU
		{A7A6AE75-E138-425A-803E-A1D38EAB7E35}.Debug|x64.Build.0 = Debug|Any CPU
		{A7A6AE75-E138-425A-803E-A1D38EAB7E35}.Debug|x86.ActiveCfg = Debug|Any CPU
		{A7A6AE75-E138-425A-803E-A1D38EAB7E35}.Debug|x86.Build.0 = Debug|Any CPU
		{A7A6AE75-E138-425A-803E-A1D38EAB7E35}.Release|Any CPU.ActiveCfg = Release|Any CPU
		{A7A6AE75-E138-425A-803E-A1D38EAB7E35}.Release|Any CPU.Build.0 = Release|Any CPU
		{A7A6AE75-E138-425A-803E-A1D38EAB7E35}.Release|x64.ActiveCfg = Release|Any CPU
		{A7A6AE75-E138-425A-803E-A1D38EAB7E35}.Release|x64.Build.0 = Release|Any CPU
		{A7A6AE75-E138-425A-803E-A1D38EAB7E35}.Release|x86.ActiveCfg = Release|Any CPU
		{A7A6AE75-E138-425A-803E-A1D38EAB7E35}.Release|x86.Build.0 = Release|Any CPU
		{A50D52D8-3A06-48EC-BCD1-3F834660F0E8}.Debug|Any CPU.ActiveCfg = Debug|Any CPU
		{A50D52D8-3A06-48EC-BCD1-3F834660F0E8}.Debug|Any CPU.Build.0 = Debug|Any CPU
		{A50D52D8-3A06-48EC-BCD1-3F834660F0E8}.Debug|x64.ActiveCfg = Debug|Any CPU
		{A50D52D8-3A06-48EC-BCD1-3F834660F0E8}.Debug|x64.Build.0 = Debug|Any CPU
		{A50D52D8-3A06-48EC-BCD1-3F834660F0E8}.Debug|x86.ActiveCfg = Debug|Any CPU
		{A50D52D8-3A06-48EC-BCD1-3F834660F0E8}.Debug|x86.Build.0 = Debug|Any CPU
		{A50D52D8-3A06-48EC-BCD1-3F834660F0E8}.Release|Any CPU.ActiveCfg = Release|Any CPU
		{A50D52D8-3A06-48EC-BCD1-3F834660F0E8}.Release|Any CPU.Build.0 = Release|Any CPU
		{A50D52D8-3A06-48EC-BCD1-3F834660F0E8}.Release|x64.ActiveCfg = Release|Any CPU
		{A50D52D8-3A06-48EC-BCD1-3F834660F0E8}.Release|x64.Build.0 = Release|Any CPU
		{A50D52D8-3A06-48EC-BCD1-3F834660F0E8}.Release|x86.ActiveCfg = Release|Any CPU
		{A50D52D8-3A06-48EC-BCD1-3F834660F0E8}.Release|x86.Build.0 = Release|Any CPU
		{0D143C2C-8038-49C2-9AF3-FCC18C747A92}.Debug|Any CPU.ActiveCfg = Debug|Any CPU
		{0D143C2C-8038-49C2-9AF3-FCC18C747A92}.Debug|Any CPU.Build.0 = Debug|Any CPU
		{0D143C2C-8038-49C2-9AF3-FCC18C747A92}.Debug|x64.ActiveCfg = Debug|Any CPU
		{0D143C2C-8038-49C2-9AF3-FCC18C747A92}.Debug|x64.Build.0 = Debug|Any CPU
		{0D143C2C-8038-49C2-9AF3-FCC18C747A92}.Debug|x86.ActiveCfg = Debug|Any CPU
		{0D143C2C-8038-49C2-9AF3-FCC18C747A92}.Debug|x86.Build.0 = Debug|Any CPU
		{0D143C2C-8038-49C2-9AF3-FCC18C747A92}.Release|Any CPU.ActiveCfg = Release|Any CPU
		{0D143C2C-8038-49C2-9AF3-FCC18C747A92}.Release|Any CPU.Build.0 = Release|Any CPU
		{0D143C2C-8038-49C2-9AF3-FCC18C747A92}.Release|x64.ActiveCfg = Release|Any CPU
		{0D143C2C-8038-49C2-9AF3-FCC18C747A92}.Release|x64.Build.0 = Release|Any CPU
		{0D143C2C-8038-49C2-9AF3-FCC18C747A92}.Release|x86.ActiveCfg = Release|Any CPU
		{0D143C2C-8038-49C2-9AF3-FCC18C747A92}.Release|x86.Build.0 = Release|Any CPU
		{B1817167-1141-4414-B393-13DE7738D08D}.Debug|Any CPU.ActiveCfg = Debug|Any CPU
		{B1817167-1141-4414-B393-13DE7738D08D}.Debug|Any CPU.Build.0 = Debug|Any CPU
		{B1817167-1141-4414-B393-13DE7738D08D}.Debug|x64.ActiveCfg = Debug|Any CPU
		{B1817167-1141-4414-B393-13DE7738D08D}.Debug|x64.Build.0 = Debug|Any CPU
		{B1817167-1141-4414-B393-13DE7738D08D}.Debug|x86.ActiveCfg = Debug|Any CPU
		{B1817167-1141-4414-B393-13DE7738D08D}.Debug|x86.Build.0 = Debug|Any CPU
		{B1817167-1141-4414-B393-13DE7738D08D}.Release|Any CPU.ActiveCfg = Release|Any CPU
		{B1817167-1141-4414-B393-13DE7738D08D}.Release|Any CPU.Build.0 = Release|Any CPU
		{B1817167-1141-4414-B393-13DE7738D08D}.Release|x64.ActiveCfg = Release|Any CPU
		{B1817167-1141-4414-B393-13DE7738D08D}.Release|x64.Build.0 = Release|Any CPU
		{B1817167-1141-4414-B393-13DE7738D08D}.Release|x86.ActiveCfg = Release|Any CPU
		{B1817167-1141-4414-B393-13DE7738D08D}.Release|x86.Build.0 = Release|Any CPU
		{C6B02D45-8B12-4CE0-A47A-E2157623631E}.Debug|Any CPU.ActiveCfg = Debug|Any CPU
		{C6B02D45-8B12-4CE0-A47A-E2157623631E}.Debug|Any CPU.Build.0 = Debug|Any CPU
		{C6B02D45-8B12-4CE0-A47A-E2157623631E}.Debug|x64.ActiveCfg = Debug|Any CPU
		{C6B02D45-8B12-4CE0-A47A-E2157623631E}.Debug|x64.Build.0 = Debug|Any CPU
		{C6B02D45-8B12-4CE0-A47A-E2157623631E}.Debug|x86.ActiveCfg = Debug|Any CPU
		{C6B02D45-8B12-4CE0-A47A-E2157623631E}.Debug|x86.Build.0 = Debug|Any CPU
		{C6B02D45-8B12-4CE0-A47A-E2157623631E}.Release|Any CPU.ActiveCfg = Release|Any CPU
		{C6B02D45-8B12-4CE0-A47A-E2157623631E}.Release|Any CPU.Build.0 = Release|Any CPU
		{C6B02D45-8B12-4CE0-A47A-E2157623631E}.Release|x64.ActiveCfg = Release|Any CPU
		{C6B02D45-8B12-4CE0-A47A-E2157623631E}.Release|x64.Build.0 = Release|Any CPU
		{C6B02D45-8B12-4CE0-A47A-E2157623631E}.Release|x86.ActiveCfg = Release|Any CPU
		{C6B02D45-8B12-4CE0-A47A-E2157623631E}.Release|x86.Build.0 = Release|Any CPU
		{3167FF11-8AAF-4300-8BA3-7FC796C08736}.Debug|Any CPU.ActiveCfg = Debug|Any CPU
		{3167FF11-8AAF-4300-8BA3-7FC796C08736}.Debug|Any CPU.Build.0 = Debug|Any CPU
		{3167FF11-8AAF-4300-8BA3-7FC796C08736}.Debug|x64.ActiveCfg = Debug|Any CPU
		{3167FF11-8AAF-4300-8BA3-7FC796C08736}.Debug|x64.Build.0 = Debug|Any CPU
		{3167FF11-8AAF-4300-8BA3-7FC796C08736}.Debug|x86.ActiveCfg = Debug|Any CPU
		{3167FF11-8AAF-4300-8BA3-7FC796C08736}.Debug|x86.Build.0 = Debug|Any CPU
		{3167FF11-8AAF-4300-8BA3-7FC796C08736}.Release|Any CPU.ActiveCfg = Release|Any CPU
		{3167FF11-8AAF-4300-8BA3-7FC796C08736}.Release|Any CPU.Build.0 = Release|Any CPU
		{3167FF11-8AAF-4300-8BA3-7FC796C08736}.Release|x64.ActiveCfg = Release|Any CPU
		{3167FF11-8AAF-4300-8BA3-7FC796C08736}.Release|x64.Build.0 = Release|Any CPU
		{3167FF11-8AAF-4300-8BA3-7FC796C08736}.Release|x86.ActiveCfg = Release|Any CPU
		{3167FF11-8AAF-4300-8BA3-7FC796C08736}.Release|x86.Build.0 = Release|Any CPU
		{D2EBFCB4-53E7-4D23-9938-A949D7E7A57B}.Debug|Any CPU.ActiveCfg = Debug|Any CPU
		{D2EBFCB4-53E7-4D23-9938-A949D7E7A57B}.Debug|Any CPU.Build.0 = Debug|Any CPU
		{D2EBFCB4-53E7-4D23-9938-A949D7E7A57B}.Debug|x64.ActiveCfg = Debug|Any CPU
		{D2EBFCB4-53E7-4D23-9938-A949D7E7A57B}.Debug|x64.Build.0 = Debug|Any CPU
		{D2EBFCB4-53E7-4D23-9938-A949D7E7A57B}.Debug|x86.ActiveCfg = Debug|Any CPU
		{D2EBFCB4-53E7-4D23-9938-A949D7E7A57B}.Debug|x86.Build.0 = Debug|Any CPU
		{D2EBFCB4-53E7-4D23-9938-A949D7E7A57B}.Release|Any CPU.ActiveCfg = Release|Any CPU
		{D2EBFCB4-53E7-4D23-9938-A949D7E7A57B}.Release|Any CPU.Build.0 = Release|Any CPU
		{D2EBFCB4-53E7-4D23-9938-A949D7E7A57B}.Release|x64.ActiveCfg = Release|Any CPU
		{D2EBFCB4-53E7-4D23-9938-A949D7E7A57B}.Release|x64.Build.0 = Release|Any CPU
		{D2EBFCB4-53E7-4D23-9938-A949D7E7A57B}.Release|x86.ActiveCfg = Release|Any CPU
		{D2EBFCB4-53E7-4D23-9938-A949D7E7A57B}.Release|x86.Build.0 = Release|Any CPU
		{B0C194D8-36E8-405F-90A3-369F37A56622}.Debug|Any CPU.ActiveCfg = Debug|Any CPU
		{B0C194D8-36E8-405F-90A3-369F37A56622}.Debug|Any CPU.Build.0 = Debug|Any CPU
		{B0C194D8-36E8-405F-90A3-369F37A56622}.Debug|x64.ActiveCfg = Debug|Any CPU
		{B0C194D8-36E8-405F-90A3-369F37A56622}.Debug|x64.Build.0 = Debug|Any CPU
		{B0C194D8-36E8-405F-90A3-369F37A56622}.Debug|x86.ActiveCfg = Debug|Any CPU
		{B0C194D8-36E8-405F-90A3-369F37A56622}.Debug|x86.Build.0 = Debug|Any CPU
		{B0C194D8-36E8-405F-90A3-369F37A56622}.Release|Any CPU.ActiveCfg = Release|Any CPU
		{B0C194D8-36E8-405F-90A3-369F37A56622}.Release|Any CPU.Build.0 = Release|Any CPU
		{B0C194D8-36E8-405F-90A3-369F37A56622}.Release|x64.ActiveCfg = Release|Any CPU
		{B0C194D8-36E8-405F-90A3-369F37A56622}.Release|x64.Build.0 = Release|Any CPU
		{B0C194D8-36E8-405F-90A3-369F37A56622}.Release|x86.ActiveCfg = Release|Any CPU
		{B0C194D8-36E8-405F-90A3-369F37A56622}.Release|x86.Build.0 = Release|Any CPU
		{25AFE828-6802-4997-8B80-A8374C7279A2}.Debug|Any CPU.ActiveCfg = Debug|Any CPU
		{25AFE828-6802-4997-8B80-A8374C7279A2}.Debug|Any CPU.Build.0 = Debug|Any CPU
		{25AFE828-6802-4997-8B80-A8374C7279A2}.Debug|x64.ActiveCfg = Debug|Any CPU
		{25AFE828-6802-4997-8B80-A8374C7279A2}.Debug|x64.Build.0 = Debug|Any CPU
		{25AFE828-6802-4997-8B80-A8374C7279A2}.Debug|x86.ActiveCfg = Debug|Any CPU
		{25AFE828-6802-4997-8B80-A8374C7279A2}.Debug|x86.Build.0 = Debug|Any CPU
		{25AFE828-6802-4997-8B80-A8374C7279A2}.Release|Any CPU.ActiveCfg = Release|Any CPU
		{25AFE828-6802-4997-8B80-A8374C7279A2}.Release|Any CPU.Build.0 = Release|Any CPU
		{25AFE828-6802-4997-8B80-A8374C7279A2}.Release|x64.ActiveCfg = Release|Any CPU
		{25AFE828-6802-4997-8B80-A8374C7279A2}.Release|x64.Build.0 = Release|Any CPU
		{25AFE828-6802-4997-8B80-A8374C7279A2}.Release|x86.ActiveCfg = Release|Any CPU
		{25AFE828-6802-4997-8B80-A8374C7279A2}.Release|x86.Build.0 = Release|Any CPU
		{FA1A656D-C607-48AD-A47F-E5AABDD23F2F}.Debug|Any CPU.ActiveCfg = Debug|Any CPU
		{FA1A656D-C607-48AD-A47F-E5AABDD23F2F}.Debug|Any CPU.Build.0 = Debug|Any CPU
		{FA1A656D-C607-48AD-A47F-E5AABDD23F2F}.Debug|x64.ActiveCfg = Debug|Any CPU
		{FA1A656D-C607-48AD-A47F-E5AABDD23F2F}.Debug|x64.Build.0 = Debug|Any CPU
		{FA1A656D-C607-48AD-A47F-E5AABDD23F2F}.Debug|x86.ActiveCfg = Debug|Any CPU
		{FA1A656D-C607-48AD-A47F-E5AABDD23F2F}.Debug|x86.Build.0 = Debug|Any CPU
		{FA1A656D-C607-48AD-A47F-E5AABDD23F2F}.Release|Any CPU.ActiveCfg = Release|Any CPU
		{FA1A656D-C607-48AD-A47F-E5AABDD23F2F}.Release|Any CPU.Build.0 = Release|Any CPU
		{FA1A656D-C607-48AD-A47F-E5AABDD23F2F}.Release|x64.ActiveCfg = Release|Any CPU
		{FA1A656D-C607-48AD-A47F-E5AABDD23F2F}.Release|x64.Build.0 = Release|Any CPU
		{FA1A656D-C607-48AD-A47F-E5AABDD23F2F}.Release|x86.ActiveCfg = Release|Any CPU
		{FA1A656D-C607-48AD-A47F-E5AABDD23F2F}.Release|x86.Build.0 = Release|Any CPU
		{D8519719-FBDB-49E4-8722-9F4FB1079EED}.Debug|Any CPU.ActiveCfg = Debug|Any CPU
		{D8519719-FBDB-49E4-8722-9F4FB1079EED}.Debug|Any CPU.Build.0 = Debug|Any CPU
		{D8519719-FBDB-49E4-8722-9F4FB1079EED}.Debug|x64.ActiveCfg = Debug|Any CPU
		{D8519719-FBDB-49E4-8722-9F4FB1079EED}.Debug|x64.Build.0 = Debug|Any CPU
		{D8519719-FBDB-49E4-8722-9F4FB1079EED}.Debug|x86.ActiveCfg = Debug|Any CPU
		{D8519719-FBDB-49E4-8722-9F4FB1079EED}.Debug|x86.Build.0 = Debug|Any CPU
		{D8519719-FBDB-49E4-8722-9F4FB1079EED}.Release|Any CPU.ActiveCfg = Release|Any CPU
		{D8519719-FBDB-49E4-8722-9F4FB1079EED}.Release|Any CPU.Build.0 = Release|Any CPU
		{D8519719-FBDB-49E4-8722-9F4FB1079EED}.Release|x64.ActiveCfg = Release|Any CPU
		{D8519719-FBDB-49E4-8722-9F4FB1079EED}.Release|x64.Build.0 = Release|Any CPU
		{D8519719-FBDB-49E4-8722-9F4FB1079EED}.Release|x86.ActiveCfg = Release|Any CPU
		{D8519719-FBDB-49E4-8722-9F4FB1079EED}.Release|x86.Build.0 = Release|Any CPU
	EndGlobalSection
	GlobalSection(SolutionProperties) = preSolution
		HideSolutionNode = FALSE
	EndGlobalSection
	GlobalSection(NestedProjects) = preSolution
		{6996BBF7-DB31-59BC-C7DD-9A7CCC6138C4} = {827E0CD3-B72D-47B6-A68D-7590B98EB39B}
		{A7A6AE75-E138-425A-803E-A1D38EAB7E35} = {6996BBF7-DB31-59BC-C7DD-9A7CCC6138C4}
		{CC1F4FA2-92F2-BA4B-815B-7EC2CBBCCF50} = {827E0CD3-B72D-47B6-A68D-7590B98EB39B}
		{A50D52D8-3A06-48EC-BCD1-3F834660F0E8} = {CC1F4FA2-92F2-BA4B-815B-7EC2CBBCCF50}
		{5F5D2DA1-D523-9746-CCCB-000D35E306D2} = {827E0CD3-B72D-47B6-A68D-7590B98EB39B}
		{0D143C2C-8038-49C2-9AF3-FCC18C747A92} = {5F5D2DA1-D523-9746-CCCB-000D35E306D2}
		{58A5B24B-8FB4-5A6E-5EF4-1E3E19F29B1B} = {827E0CD3-B72D-47B6-A68D-7590B98EB39B}
		{B1817167-1141-4414-B393-13DE7738D08D} = {58A5B24B-8FB4-5A6E-5EF4-1E3E19F29B1B}
		{C6B02D45-8B12-4CE0-A47A-E2157623631E} = {0AB3BF05-4346-4AA6-1389-037BE0695223}
		{3167FF11-8AAF-4300-8BA3-7FC796C08736} = {0AB3BF05-4346-4AA6-1389-037BE0695223}
		{D2EBFCB4-53E7-4D23-9938-A949D7E7A57B} = {0AB3BF05-4346-4AA6-1389-037BE0695223}
		{B0C194D8-36E8-405F-90A3-369F37A56622} = {0AB3BF05-4346-4AA6-1389-037BE0695223}
		{25AFE828-6802-4997-8B80-A8374C7279A2} = {0AB3BF05-4346-4AA6-1389-037BE0695223}
		{FA1A656D-C607-48AD-A47F-E5AABDD23F2F} = {0AB3BF05-4346-4AA6-1389-037BE0695223}
		{D8519719-FBDB-49E4-8722-9F4FB1079EED} = {0AB3BF05-4346-4AA6-1389-037BE0695223}
	EndGlobalSection
EndGlobal
